
Microsoft Visual Studio Solution File, Format Version 12.00
# Visual Studio Version 17
VisualStudioVersion = 17.14.36203.30
MinimumVisualStudioVersion = 10.0.40219.1
Project("{FAE04EC0-301F-11D3-BF4B-00C04F79EFBC}") = "NewsManagementSystem", "NewsManagementSystem\NewsManagementSystem.csproj", "{931B460A-18DE-479D-87DC-EA78223DBA95}"
EndProject
Project("{FAE04EC0-301F-11D3-BF4B-00C04F79EFBC}") = "Services", "Services\Services.csproj", "{4B884B8A-A23D-43DC-A79B-EF5D43166F48}"
EndProject
Project("{FAE04EC0-301F-11D3-BF4B-00C04F79EFBC}") = "Repositories", "Repositories\Repositories.csproj", "{F3717FF0-2C9B-4847-98BA-753D672F1417}"
EndProject
Global
	GlobalSection(SolutionConfigurationPlatforms) = preSolution
		Debug|Any CPU = Debug|Any CPU
		Release|Any CPU = Release|Any CPU
	EndGlobalSection
	GlobalSection(ProjectConfigurationPlatforms) = postSolution
		{931B460A-18DE-479D-87DC-EA78223DBA95}.Debug|Any CPU.ActiveCfg = Debug|Any CPU
		{931B460A-18DE-479D-87DC-EA78223DBA95}.Debug|Any CPU.Build.0 = Debug|Any CPU
		{931B460A-18DE-479D-87DC-EA78223DBA95}.Release|Any CPU.ActiveCfg = Release|Any CPU
		{931B460A-18DE-479D-87DC-EA78223DBA95}.Release|Any CPU.Build.0 = Release|Any CPU
		{4B884B8A-A23D-43DC-A79B-EF5D43166F48}.Debug|Any CPU.ActiveCfg = Debug|Any CPU
		{4B884B8A-A23D-43DC-A79B-EF5D43166F48}.Debug|Any CPU.Build.0 = Debug|Any CPU
		{4B884B8A-A23D-43DC-A79B-EF5D43166F48}.Release|Any CPU.ActiveCfg = Release|Any CPU
		{4B884B8A-A23D-43DC-A79B-EF5D43166F48}.Release|Any CPU.Build.0 = Release|Any CPU
		{F3717FF0-2C9B-4847-98BA-753D672F1417}.Debug|Any CPU.ActiveCfg = Debug|Any CPU
		{F3717FF0-2C9B-4847-98BA-753D672F1417}.Debug|Any CPU.Build.0 = Debug|Any CPU
		{F3717FF0-2C9B-4847-98BA-753D672F1417}.Release|Any CPU.ActiveCfg = Release|Any CPU
		{F3717FF0-2C9B-4847-98BA-753D672F1417}.Release|Any CPU.Build.0 = Release|Any CPU
	EndGlobalSection
	GlobalSection(SolutionProperties) = preSolution
		HideSolutionNode = FALSE
	EndGlobalSection
	GlobalSection(ExtensibilityGlobals) = postSolution
		SolutionGuid = {338AB6D3-274F-4CD7-8EDB-A3070C99FD3F}
	EndGlobalSection
EndGlobal
